
Microsoft Visual Studio Solution File, Format Version 12.00
# Visual Studio Version 17
VisualStudioVersion = 17.3.32825.248
MinimumVisualStudioVersion = 10.0.40219.1
Project("{FAE04EC0-301F-11D3-BF4B-00C04F79EFBC}") = "AssignMent1", "AssignMent1\AssignMent1.csproj", "{BD3525A5-A329-490E-918A-16C005B2D320}"
EndProject
Global
	GlobalSection(SolutionConfigurationPlatforms) = preSolution
		Debug|Any CPU = Debug|Any CPU
		Release|Any CPU = Release|Any CPU
	EndGlobalSection
	GlobalSection(ProjectConfigurationPlatforms) = postSolution
		{BD3525A5-A329-490E-918A-16C005B2D320}.Debug|Any CPU.ActiveCfg = Debug|Any CPU
		{BD3525A5-A329-490E-918A-16C005B2D320}.Debug|Any CPU.Build.0 = Debug|Any CPU
		{BD3525A5-A329-490E-918A-16C005B2D320}.Release|Any CPU.ActiveCfg = Release|Any CPU
		{BD3525A5-A329-490E-918A-16C005B2D320}.Release|Any CPU.Build.0 = Release|Any CPU
	EndGlobalSection
	GlobalSection(SolutionProperties) = preSolution
		HideSolutionNode = FALSE
	EndGlobalSection
	GlobalSection(ExtensibilityGlobals) = postSolution
		SolutionGuid = {FA108F42-B3FF-42E1-89B5-7BA49B66B8B5}
	EndGlobalSection
EndGlobal
